# THIS IS AN AUTOGENERATED FILE. DO NOT EDIT THIS FILE DIRECTLY.
# yarn lockfile v1


smooth-dnd@0.12.1:
  version "0.12.1"
  resolved "https://registry.npm.taobao.org/smooth-dnd/download/smooth-dnd-0.12.1.tgz#cdb44c972355659e32770368b29b6a80e0ed96f1"
  integrity sha1-zbRMlyNVZZ4ydwNosptqgODtlvE=

vue-smooth-dnd@^0.8.1:
  version "0.8.1"
  resolved "https://registry.npm.taobao.org/vue-smooth-dnd/download/vue-smooth-dnd-0.8.1.tgz#b1c584cfe49b830a402548b4bf08f00f68f430e5"
  integrity sha1-scWEz+SbgwpAJUi0vwjwD2j0MOU=
  dependencies:
    smooth-dnd "0.12.1"
